
Microsoft Visual Studio Solution File, Format Version 12.00
# Visual Studio 14
VisualStudioVersion = 14.0.25420.1
MinimumVisualStudioVersion = 10.0.40219.1
Project("{2150E333-8FDC-42A3-9474-1A3956D46DE8}") = "03-Service", "03-Service", "{C930E3AB-23D7-45C8-9343-00F383BCA34D}"
EndProject
Project("{2150E333-8FDC-42A3-9474-1A3956D46DE8}") = "02-Shared", "02-Shared", "{97495851-4A0E-4914-9104-2DE37FAFA957}"
EndProject
Project("{FAE04EC0-301F-11D3-BF4B-00C04F79EFBC}") = "Register.Resources", "Resources\Register.Resources.csproj", "{175AF8BF-55E3-456D-9028-939278CFE9BA}"
EndProject
Project("{2150E333-8FDC-42A3-9474-1A3956D46DE8}") = "04-Report", "04-Report", "{CAD95778-F416-4F08-888C-2AE1D8FEE0A9}"
EndProject
Project("{FAE04EC0-301F-11D3-BF4B-00C04F79EFBC}") = "Register.DOPA.Biz", "Register.DOPA.Biz\Register.DOPA.Biz.csproj", "{1538E1A8-FEF0-45C2-A013-0CAFF1531866}"
EndProject
Project("{FAE04EC0-301F-11D3-BF4B-00C04F79EFBC}") = "Register.DAL", "Register.DAL\Register.DAL.csproj", "{EC288101-C0F8-49CD-B539-BCC85CBC0D1F}"
EndProject
Project("{FAE04EC0-301F-11D3-BF4B-00C04F79EFBC}") = "Register.Database", "Register.Database\Register.Database.csproj", "{ADA4372F-E22A-450D-8747-54258334B6DE}"
EndProject
Project("{FAE04EC0-301F-11D3-BF4B-00C04F79EFBC}") = "Register.Models", "Register.Models\Register.Models.csproj", "{75A6C748-CBC7-4267-979E-7C92802FD238}"
EndProject
Project("{FAE04EC0-301F-11D3-BF4B-00C04F79EFBC}") = "Register.WebAPI", "Register.WebAPI\Register.WebAPI.csproj", "{016DE23F-7BEA-46B8-BA0A-3C7363CDEFC7}"
EndProject
Project("{FAE04EC0-301F-11D3-BF4B-00C04F79EFBC}") = "Register.Web", "Register.Web\Register.Web.csproj", "{8C6CB1E4-4B86-4E19-A994-DD3E4FF89900}"
EndProject
Project("{FAE04EC0-301F-11D3-BF4B-00C04F79EFBC}") = "Register.Reports", "Register.Reports\Register.Reports.csproj", "{847CB95B-49BD-4A54-AD85-016B99A74A54}"
EndProject
Global
	GlobalSection(SolutionConfigurationPlatforms) = preSolution
		Debug|Any CPU = Debug|Any CPU
		Release|Any CPU = Release|Any CPU
	EndGlobalSection
	GlobalSection(ProjectConfigurationPlatforms) = postSolution
		{175AF8BF-55E3-456D-9028-939278CFE9BA}.Debug|Any CPU.ActiveCfg = Debug|Any CPU
		{175AF8BF-55E3-456D-9028-939278CFE9BA}.Debug|Any CPU.Build.0 = Debug|Any CPU
		{175AF8BF-55E3-456D-9028-939278CFE9BA}.Release|Any CPU.ActiveCfg = Release|Any CPU
		{175AF8BF-55E3-456D-9028-939278CFE9BA}.Release|Any CPU.Build.0 = Release|Any CPU
		{1538E1A8-FEF0-45C2-A013-0CAFF1531866}.Debug|Any CPU.ActiveCfg = Debug|Any CPU
		{1538E1A8-FEF0-45C2-A013-0CAFF1531866}.Debug|Any CPU.Build.0 = Debug|Any CPU
		{1538E1A8-FEF0-45C2-A013-0CAFF1531866}.Release|Any CPU.ActiveCfg = Release|Any CPU
		{1538E1A8-FEF0-45C2-A013-0CAFF1531866}.Release|Any CPU.Build.0 = Release|Any CPU
		{EC288101-C0F8-49CD-B539-BCC85CBC0D1F}.Debug|Any CPU.ActiveCfg = Debug|Any CPU
		{EC288101-C0F8-49CD-B539-BCC85CBC0D1F}.Debug|Any CPU.Build.0 = Debug|Any CPU
		{EC288101-C0F8-49CD-B539-BCC85CBC0D1F}.Release|Any CPU.ActiveCfg = Release|Any CPU
		{EC288101-C0F8-49CD-B539-BCC85CBC0D1F}.Release|Any CPU.Build.0 = Release|Any CPU
		{ADA4372F-E22A-450D-8747-54258334B6DE}.Debug|Any CPU.ActiveCfg = Debug|Any CPU
		{ADA4372F-E22A-450D-8747-54258334B6DE}.Debug|Any CPU.Build.0 = Debug|Any CPU
		{ADA4372F-E22A-450D-8747-54258334B6DE}.Release|Any CPU.ActiveCfg = Release|Any CPU
		{ADA4372F-E22A-450D-8747-54258334B6DE}.Release|Any CPU.Build.0 = Release|Any CPU
		{75A6C748-CBC7-4267-979E-7C92802FD238}.Debug|Any CPU.ActiveCfg = Debug|Any CPU
		{75A6C748-CBC7-4267-979E-7C92802FD238}.Debug|Any CPU.Build.0 = Debug|Any CPU
		{75A6C748-CBC7-4267-979E-7C92802FD238}.Release|Any CPU.ActiveCfg = Release|Any CPU
		{75A6C748-CBC7-4267-979E-7C92802FD238}.Release|Any CPU.Build.0 = Release|Any CPU
		{016DE23F-7BEA-46B8-BA0A-3C7363CDEFC7}.Debug|Any CPU.ActiveCfg = Debug|Any CPU
		{016DE23F-7BEA-46B8-BA0A-3C7363CDEFC7}.Debug|Any CPU.Build.0 = Debug|Any CPU
		{016DE23F-7BEA-46B8-BA0A-3C7363CDEFC7}.Release|Any CPU.ActiveCfg = Release|Any CPU
		{016DE23F-7BEA-46B8-BA0A-3C7363CDEFC7}.Release|Any CPU.Build.0 = Release|Any CPU
		{8C6CB1E4-4B86-4E19-A994-DD3E4FF89900}.Debug|Any CPU.ActiveCfg = Debug|Any CPU
		{8C6CB1E4-4B86-4E19-A994-DD3E4FF89900}.Debug|Any CPU.Build.0 = Debug|Any CPU
		{8C6CB1E4-4B86-4E19-A994-DD3E4FF89900}.Release|Any CPU.ActiveCfg = Release|Any CPU
		{8C6CB1E4-4B86-4E19-A994-DD3E4FF89900}.Release|Any CPU.Build.0 = Release|Any CPU
		{847CB95B-49BD-4A54-AD85-016B99A74A54}.Debug|Any CPU.ActiveCfg = Debug|Any CPU
		{847CB95B-49BD-4A54-AD85-016B99A74A54}.Debug|Any CPU.Build.0 = Debug|Any CPU
		{847CB95B-49BD-4A54-AD85-016B99A74A54}.Release|Any CPU.ActiveCfg = Release|Any CPU
		{847CB95B-49BD-4A54-AD85-016B99A74A54}.Release|Any CPU.Build.0 = Release|Any CPU
	EndGlobalSection
	GlobalSection(SolutionProperties) = preSolution
		HideSolutionNode = FALSE
	EndGlobalSection
	GlobalSection(NestedProjects) = preSolution
		{175AF8BF-55E3-456D-9028-939278CFE9BA} = {97495851-4A0E-4914-9104-2DE37FAFA957}
		{1538E1A8-FEF0-45C2-A013-0CAFF1531866} = {97495851-4A0E-4914-9104-2DE37FAFA957}
		{EC288101-C0F8-49CD-B539-BCC85CBC0D1F} = {97495851-4A0E-4914-9104-2DE37FAFA957}
		{ADA4372F-E22A-450D-8747-54258334B6DE} = {97495851-4A0E-4914-9104-2DE37FAFA957}
		{75A6C748-CBC7-4267-979E-7C92802FD238} = {97495851-4A0E-4914-9104-2DE37FAFA957}
		{016DE23F-7BEA-46B8-BA0A-3C7363CDEFC7} = {C930E3AB-23D7-45C8-9343-00F383BCA34D}
		{847CB95B-49BD-4A54-AD85-016B99A74A54} = {CAD95778-F416-4F08-888C-2AE1D8FEE0A9}
	EndGlobalSection
EndGlobal
